Microsoft Visual Studio Solution File, Format Version 12.00
# Visual Studio Version 16
VisualStudioVersion = 16.0.30804.86
MinimumVisualStudioVersion = 10.0.40219.1
Project("{FAE04EC0-301F-11D3-BF4B-00C04F79EFBC}") = "PackStation", "PackStation\PackStation.csproj", "{5D19D906-8F9A-4732-9C92-48FBEB88AC7E}"
EndProject
Global
	GlobalSection(SolutionConfigurationPlatforms) = preSolution
		Debug|anycpu = Debug|anycpu
		Release|anycpu = Release|anycpu
	EndGlobalSection
	GlobalSection(ProjectConfigurationPlatforms) = postSolution
		{5D19D906-8F9A-4732-9C92-48FBEB88AC7E}.Debug|anycpu.ActiveCfg = Debug|Any CPU
		{5D19D906-8F9A-4732-9C92-48FBEB88AC7E}.Debug|anycpu.Build.0 = Debug|Any CPU
		{5D19D906-8F9A-4732-9C92-48FBEB88AC7E}.Release|anycpu.ActiveCfg = Release|anycpu
		{5D19D906-8F9A-4732-9C92-48FBEB88AC7E}.Release|anycpu.Build.0 = Release|anycpu
	EndGlobalSection
	GlobalSection(SolutionProperties) = preSolution
		HideSolutionNode = FALSE
	EndGlobalSection
	GlobalSection(ExtensibilityGlobals) = postSolution
		SolutionGuid = {B53032D7-E2F7-4466-9C81-EF2ABBB31C92}
	EndGlobalSection
EndGlobal
